{
  "name": "client-di-test",
  "lockfileVersion": 3,
  "requires": true,
  "packages": {
    "": {
      "dependencies": {
        "@backjello/npm-2": "^2.0.0"
      }
    },
    "node_modules/@backjello/npm-2": {
      "version": "2.0.2",
      "resolved": "https://npm.pkg.github.com/download/@backjello/npm-2/2.0.2/39635c572d61fe04c55f9ab8e3b1d0a3ba9ab12c",
      "integrity": "sha512-ZYovR6E4TgE6aufBMyZThaQMgfSeDsyyab7x5ziB/kJHT5vCe7FiXQl8mM7YTTH8Xe/BW8ezeY4oXTbEXI7q6Q==",
      "license": "MIT"
    }
  }
}
